
Microsoft Visual Studio Solution File, Format Version 12.00
# Visual Studio 15
VisualStudioVersion = 15.0.28010.2019
MinimumVisualStudioVersion = 10.0.40219.1
Project("{FAE04EC0-301F-11D3-BF4B-00C04F79EFBC}") = "random_db_make_for_plate", "random_db_make_for_plate\random_db_make_for_plate.csproj", "{61E077C4-B09B-4F33-93FA-46E5E1B9F74D}"
EndProject
Global
	GlobalSection(SolutionConfigurationPlatforms) = preSolution
		Debug|Any CPU = Debug|Any CPU
		Release|Any CPU = Release|Any CPU
	EndGlobalSection
	GlobalSection(ProjectConfigurationPlatforms) = postSolution
		{61E077C4-B09B-4F33-93FA-46E5E1B9F74D}.Debug|Any CPU.ActiveCfg = Debug|Any CPU
		{61E077C4-B09B-4F33-93FA-46E5E1B9F74D}.Debug|Any CPU.Build.0 = Debug|Any CPU
		{61E077C4-B09B-4F33-93FA-46E5E1B9F74D}.Release|Any CPU.ActiveCfg = Release|Any CPU
		{61E077C4-B09B-4F33-93FA-46E5E1B9F74D}.Release|Any CPU.Build.0 = Release|Any CPU
	EndGlobalSection
	GlobalSection(SolutionProperties) = preSolution
		HideSolutionNode = FALSE
	EndGlobalSection
	GlobalSection(ExtensibilityGlobals) = postSolution
		SolutionGuid = {4544A9A2-3C14-4E9A-A630-59703E512A2F}
	EndGlobalSection
EndGlobal
